
Microsoft Visual Studio Solution File, Format Version 12.00
# Visual Studio Version 17
VisualStudioVersion = 17.8.34330.188
MinimumVisualStudioVersion = 10.0.40219.1
Project("{9A19103F-16F7-4668-BE54-9A1E7A4F7556}") = "MyVideo.Server", "MyVideo.Server\MyVideo.Server.csproj", "{1244C463-89B7-49BA-AD7F-3D49BBD3B283}"
	ProjectSection(ProjectDependencies) = postProject
		{02B423AA-0C18-4602-94CD-BDDBF0C8CCE8} = {02B423AA-0C18-4602-94CD-BDDBF0C8CCE8}
	EndProjectSection
EndProject
Project("{54A90642-561A-4BB1-A94E-469ADEE60C69}") = "MyVideo.Client", "myvideo.client\MyVideo.Client.esproj", "{7A8964B3-0DA6-4784-B1C9-A1174E4B316B}"
EndProject
Project("{00D1A9C2-B5F0-4AF3-8072-F6C62B433612}") = "Database", "Database\Database.sqlproj", "{C976CDDB-4D54-4430-B7D0-946D192D13F5}"
EndProject
Project("{FAE04EC0-301F-11D3-BF4B-00C04F79EFBC}") = "MyVideo.Data", "MyVideo.Data\MyVideo.Data.csproj", "{02B423AA-0C18-4602-94CD-BDDBF0C8CCE8}"
EndProject
Global
	GlobalSection(SolutionConfigurationPlatforms) = preSolution
		Debug|Any CPU = Debug|Any CPU
		Release|Any CPU = Release|Any CPU
	EndGlobalSection
	GlobalSection(ProjectConfigurationPlatforms) = postSolution
		{1244C463-89B7-49BA-AD7F-3D49BBD3B283}.Debug|Any CPU.ActiveCfg = Debug|Any CPU
		{1244C463-89B7-49BA-AD7F-3D49BBD3B283}.Debug|Any CPU.Build.0 = Debug|Any CPU
		{1244C463-89B7-49BA-AD7F-3D49BBD3B283}.Release|Any CPU.ActiveCfg = Release|Any CPU
		{1244C463-89B7-49BA-AD7F-3D49BBD3B283}.Release|Any CPU.Build.0 = Release|Any CPU
		{7A8964B3-0DA6-4784-B1C9-A1174E4B316B}.Debug|Any CPU.ActiveCfg = Debug|Any CPU
		{7A8964B3-0DA6-4784-B1C9-A1174E4B316B}.Debug|Any CPU.Build.0 = Debug|Any CPU
		{7A8964B3-0DA6-4784-B1C9-A1174E4B316B}.Debug|Any CPU.Deploy.0 = Debug|Any CPU
		{7A8964B3-0DA6-4784-B1C9-A1174E4B316B}.Release|Any CPU.ActiveCfg = Release|Any CPU
		{7A8964B3-0DA6-4784-B1C9-A1174E4B316B}.Release|Any CPU.Build.0 = Release|Any CPU
		{7A8964B3-0DA6-4784-B1C9-A1174E4B316B}.Release|Any CPU.Deploy.0 = Release|Any CPU
		{C976CDDB-4D54-4430-B7D0-946D192D13F5}.Debug|Any CPU.ActiveCfg = Debug|Any CPU
		{C976CDDB-4D54-4430-B7D0-946D192D13F5}.Debug|Any CPU.Build.0 = Debug|Any CPU
		{C976CDDB-4D54-4430-B7D0-946D192D13F5}.Debug|Any CPU.Deploy.0 = Debug|Any CPU
		{C976CDDB-4D54-4430-B7D0-946D192D13F5}.Release|Any CPU.ActiveCfg = Release|Any CPU
		{C976CDDB-4D54-4430-B7D0-946D192D13F5}.Release|Any CPU.Build.0 = Release|Any CPU
		{C976CDDB-4D54-4430-B7D0-946D192D13F5}.Release|Any CPU.Deploy.0 = Release|Any CPU
		{02B423AA-0C18-4602-94CD-BDDBF0C8CCE8}.Debug|Any CPU.ActiveCfg = Debug|Any CPU
		{02B423AA-0C18-4602-94CD-BDDBF0C8CCE8}.Debug|Any CPU.Build.0 = Debug|Any CPU
		{02B423AA-0C18-4602-94CD-BDDBF0C8CCE8}.Release|Any CPU.ActiveCfg = Release|Any CPU
		{02B423AA-0C18-4602-94CD-BDDBF0C8CCE8}.Release|Any CPU.Build.0 = Release|Any CPU
	EndGlobalSection
	GlobalSection(SolutionProperties) = preSolution
		HideSolutionNode = FALSE
	EndGlobalSection
	GlobalSection(ExtensibilityGlobals) = postSolution
		SolutionGuid = {493E939B-A015-48A1-9197-FE5AEF19613E}
	EndGlobalSection
EndGlobal
